
Microsoft Visual Studio Solution File, Format Version 12.00
# Visual Studio Version 16
VisualStudioVersion = 16.0.31624.102
MinimumVisualStudioVersion = 10.0.40219.1
Project("{FAE04EC0-301F-11D3-BF4B-00C04F79EFBC}") = "FlyHighTravelling", "FlyHighTravelling\FlyHighTravelling.csproj", "{319B447A-D1C2-4484-ACAB-CFA3CEFD585C}"
EndProject
Global
	GlobalSection(SolutionConfigurationPlatforms) = preSolution
		Debug|Any CPU = Debug|Any CPU
		Release|Any CPU = Release|Any CPU
	EndGlobalSection
	GlobalSection(ProjectConfigurationPlatforms) = postSolution
		{319B447A-D1C2-4484-ACAB-CFA3CEFD585C}.Debug|Any CPU.ActiveCfg = Debug|Any CPU
		{319B447A-D1C2-4484-ACAB-CFA3CEFD585C}.Debug|Any CPU.Build.0 = Debug|Any CPU
		{319B447A-D1C2-4484-ACAB-CFA3CEFD585C}.Release|Any CPU.ActiveCfg = Release|Any CPU
		{319B447A-D1C2-4484-ACAB-CFA3CEFD585C}.Release|Any CPU.Build.0 = Release|Any CPU
	EndGlobalSection
	GlobalSection(SolutionProperties) = preSolution
		HideSolutionNode = FALSE
	EndGlobalSection
	GlobalSection(ExtensibilityGlobals) = postSolution
		SolutionGuid = {1452CB8C-AEF7-4C63-B378-AB4771CFEF20}
	EndGlobalSection
EndGlobal
